
Microsoft Visual Studio Solution File, Format Version 12.00
Project("{FAE04EC0-301F-11D3-BF4B-00C04F79EFBC}") = "CSharpExtensions", "CSharpExtensions\CSharpExtensions.csproj", "{1C81F7C8-AAFA-46CB-AEE5-98922F17733D}"
EndProject
Project("{FAE04EC0-301F-11D3-BF4B-00C04F79EFBC}") = "Tests", "Tests\Tests.csproj", "{08229726-FAEF-4180-9067-3AED64936555}"
EndProject
Global
	GlobalSection(SolutionConfigurationPlatforms) = preSolution
		Debug|Any CPU = Debug|Any CPU
		Release|Any CPU = Release|Any CPU
	EndGlobalSection
	GlobalSection(ProjectConfigurationPlatforms) = postSolution
		{1C81F7C8-AAFA-46CB-AEE5-98922F17733D}.Debug|Any CPU.ActiveCfg = Debug|Any CPU
		{1C81F7C8-AAFA-46CB-AEE5-98922F17733D}.Debug|Any CPU.Build.0 = Debug|Any CPU
		{1C81F7C8-AAFA-46CB-AEE5-98922F17733D}.Release|Any CPU.ActiveCfg = Release|Any CPU
		{1C81F7C8-AAFA-46CB-AEE5-98922F17733D}.Release|Any CPU.Build.0 = Release|Any CPU
		{08229726-FAEF-4180-9067-3AED64936555}.Debug|Any CPU.ActiveCfg = Debug|Any CPU
		{08229726-FAEF-4180-9067-3AED64936555}.Debug|Any CPU.Build.0 = Debug|Any CPU
		{08229726-FAEF-4180-9067-3AED64936555}.Release|Any CPU.ActiveCfg = Release|Any CPU
		{08229726-FAEF-4180-9067-3AED64936555}.Release|Any CPU.Build.0 = Release|Any CPU
	EndGlobalSection
EndGlobal
